
Microsoft Visual Studio Solution File, Format Version 12.00
# Visual Studio Version 16
VisualStudioVersion = 16.0.30503.244
MinimumVisualStudioVersion = 10.0.40219.1
Project("{FAE04EC0-301F-11D3-BF4B-00C04F79EFBC}") = "sr2_GUI", "sr2_GUI\sr2_GUI.csproj", "{FB75A529-9D97-409E-A01E-DFE8AEDF9975}"
EndProject
Global
	GlobalSection(SolutionConfigurationPlatforms) = preSolution
		Debug|Any CPU = Debug|Any CPU
		Release|Any CPU = Release|Any CPU
	EndGlobalSection
	GlobalSection(ProjectConfigurationPlatforms) = postSolution
		{FB75A529-9D97-409E-A01E-DFE8AEDF9975}.Debug|Any CPU.ActiveCfg = Debug|Any CPU
		{FB75A529-9D97-409E-A01E-DFE8AEDF9975}.Debug|Any CPU.Build.0 = Debug|Any CPU
		{FB75A529-9D97-409E-A01E-DFE8AEDF9975}.Release|Any CPU.ActiveCfg = Release|Any CPU
		{FB75A529-9D97-409E-A01E-DFE8AEDF9975}.Release|Any CPU.Build.0 = Release|Any CPU
	EndGlobalSection
	GlobalSection(SolutionProperties) = preSolution
		HideSolutionNode = FALSE
	EndGlobalSection
	GlobalSection(ExtensibilityGlobals) = postSolution
		SolutionGuid = {B2F450D0-9CA0-457A-822B-A85F474F57CA}
	EndGlobalSection
EndGlobal
